
Microsoft Visual Studio Solution File, Format Version 10.00
# Visual Studio 2008
Project("{8BC9CEB8-8B4A-11D0-8D11-00A0C91BC942}") = "CsTracker", "..\..\..\Project\CsTracker\CsTracker\CsTracker\CsTracker.vcproj", "{2D7B8437-1622-4309-96D2-93253499D8BB}"
EndProject
Project("{8BC9CEB8-8B4A-11D0-8D11-00A0C91BC942}") = "Dll", "..\..\..\Project\CsTracker\CsTracker\Dll\Dll.vcproj", "{6346478B-64A3-4DE1-8510-9087935B89CD}"
EndProject
Project("{8BC9CEB8-8B4A-11D0-8D11-00A0C91BC942}") = "Sys.WXP", "..\..\..\Project\CsTracker\CsTracker\Sys\Sys.WXP.vcproj", "{FFE20461-6C44-4AA8-9F69-428F5091B8EC}"
EndProject
Global
	GlobalSection(SolutionConfigurationPlatforms) = preSolution
		WXP checked (PREfast)|Win32 = WXP checked (PREfast)|Win32
		WXP checked|Win32 = WXP checked|Win32
		WXP free|Win32 = WXP free|Win32
		WXP2K checked (PREfast)|Win32 = WXP2K checked (PREfast)|Win32
		WXP2K checked|Win32 = WXP2K checked|Win32
		WXP2K free|Win32 = WXP2K free|Win32
	EndGlobalSection
	GlobalSection(ProjectConfigurationPlatforms) = postSolution
		{2D7B8437-1622-4309-96D2-93253499D8BB}.WXP checked (PREfast)|Win32.ActiveCfg = Release|Win32
		{2D7B8437-1622-4309-96D2-93253499D8BB}.WXP checked|Win32.ActiveCfg = Release|Win32
		{2D7B8437-1622-4309-96D2-93253499D8BB}.WXP free|Win32.ActiveCfg = Release|Win32
		{2D7B8437-1622-4309-96D2-93253499D8BB}.WXP2K checked (PREfast)|Win32.ActiveCfg = Release|Win32
		{2D7B8437-1622-4309-96D2-93253499D8BB}.WXP2K checked|Win32.ActiveCfg = Release|Win32
		{2D7B8437-1622-4309-96D2-93253499D8BB}.WXP2K free|Win32.ActiveCfg = Release|Win32
		{6346478B-64A3-4DE1-8510-9087935B89CD}.WXP checked (PREfast)|Win32.ActiveCfg = Release|Win32
		{6346478B-64A3-4DE1-8510-9087935B89CD}.WXP checked|Win32.ActiveCfg = Release|Win32
		{6346478B-64A3-4DE1-8510-9087935B89CD}.WXP free|Win32.ActiveCfg = Release|Win32
		{6346478B-64A3-4DE1-8510-9087935B89CD}.WXP2K checked (PREfast)|Win32.ActiveCfg = Release|Win32
		{6346478B-64A3-4DE1-8510-9087935B89CD}.WXP2K checked|Win32.ActiveCfg = Release|Win32
		{6346478B-64A3-4DE1-8510-9087935B89CD}.WXP2K free|Win32.ActiveCfg = Release|Win32
		{FFE20461-6C44-4AA8-9F69-428F5091B8EC}.WXP checked (PREfast)|Win32.ActiveCfg = WXP checked (PREfast)|Win32
		{FFE20461-6C44-4AA8-9F69-428F5091B8EC}.WXP checked (PREfast)|Win32.Build.0 = WXP checked (PREfast)|Win32
		{FFE20461-6C44-4AA8-9F69-428F5091B8EC}.WXP checked (PREfast)|Win32.Deploy.0 = WXP checked (PREfast)|Win32
		{FFE20461-6C44-4AA8-9F69-428F5091B8EC}.WXP checked|Win32.ActiveCfg = WXP checked|Win32
		{FFE20461-6C44-4AA8-9F69-428F5091B8EC}.WXP checked|Win32.Build.0 = WXP checked|Win32
		{FFE20461-6C44-4AA8-9F69-428F5091B8EC}.WXP checked|Win32.Deploy.0 = WXP checked|Win32
		{FFE20461-6C44-4AA8-9F69-428F5091B8EC}.WXP free|Win32.ActiveCfg = WXP free|Win32
		{FFE20461-6C44-4AA8-9F69-428F5091B8EC}.WXP free|Win32.Build.0 = WXP free|Win32
		{FFE20461-6C44-4AA8-9F69-428F5091B8EC}.WXP free|Win32.Deploy.0 = WXP free|Win32
		{FFE20461-6C44-4AA8-9F69-428F5091B8EC}.WXP2K checked (PREfast)|Win32.ActiveCfg = WXP2K checked (PREfast)|Win32
		{FFE20461-6C44-4AA8-9F69-428F5091B8EC}.WXP2K checked (PREfast)|Win32.Build.0 = WXP2K checked (PREfast)|Win32
		{FFE20461-6C44-4AA8-9F69-428F5091B8EC}.WXP2K checked (PREfast)|Win32.Deploy.0 = WXP2K checked (PREfast)|Win32
		{FFE20461-6C44-4AA8-9F69-428F5091B8EC}.WXP2K checked|Win32.ActiveCfg = WXP2K checked|Win32
		{FFE20461-6C44-4AA8-9F69-428F5091B8EC}.WXP2K checked|Win32.Build.0 = WXP2K checked|Win32
		{FFE20461-6C44-4AA8-9F69-428F5091B8EC}.WXP2K checked|Win32.Deploy.0 = WXP2K checked|Win32
		{FFE20461-6C44-4AA8-9F69-428F5091B8EC}.WXP2K free|Win32.ActiveCfg = WXP2K free|Win32
		{FFE20461-6C44-4AA8-9F69-428F5091B8EC}.WXP2K free|Win32.Build.0 = WXP2K free|Win32
		{FFE20461-6C44-4AA8-9F69-428F5091B8EC}.WXP2K free|Win32.Deploy.0 = WXP2K free|Win32
	EndGlobalSection
	GlobalSection(SolutionProperties) = preSolution
		HideSolutionNode = FALSE
	EndGlobalSection
EndGlobal
